dependencies:
  espressif/mdns:
    component_hash: 043f989435fd88f771c70507bfde854380c259a8fec8c0d60bcfd8714f16960e
    dependencies:
    - name: idf
      require: private
      version: '>=5.0'
    source:
      registry_url: https://components.espressif.com/
      type: service
    version: 1.10.0
  idf:
    source:
      type: idf
    version: 6.0.0
  joltwallet/littlefs:
    component_hash: dcea25bcef2de023f089f5f01e8d8c46ad1b8ffef75861ad5ffb4098555839df
    dependencies:
    - name: idf
      require: private
      version: '>=5.0'
    source:
      registry_url: https://components.espressif.com/
      type: service
    version: 1.20.4
direct_dependencies:
- espressif/mdns
- idf
- joltwallet/littlefs
manifest_hash: 2a48b6badee8c972667195ba65c09770bfd5ab658e191ea58a94dcfce342adbb
target: esp32s3
version: 2.0.0
