dependencies:
  78/esp-opus:
    component_hash: 8182b733f071d7bfe1e837f4c9f8649a63e4c937177f089e65772880c02f2e17
    dependencies:
    - name: idf
      require: private
      version: '>=5.0'
    source:
      registry_url: https://components.espressif.com/
      type: service
    version: 1.0.5
  espressif/dl_fft:
    component_hash: 7dadbd644c0d7ba4733cc3726ec4cff6edf27b043725e1115861dec1609a3d28
    dependencies:
    - name: idf
      require: private
      version: '>=5.0'
    source:
      registry_url: https://components.espressif.com
      type: service
    version: 0.3.1
  espressif/esp-dsp:
    component_hash: 42dce32d46ac93dc11f60d368e29a830e9661c7345d794b8a45c343479cae636
    dependencies:
    - name: idf
      require: private
      version: '>=4.2'
    source:
      registry_url: https://components.espressif.com
      type: service
    version: 1.7.0
  espressif/esp-sr:
    component_hash: c518b25995cf03021a09442feedb7e40acba9f15d6aa903ebdfe0f657b08197b
    dependencies:
    - name: espressif/dl_fft
      registry_url: https://components.espressif.com
      require: private
      version: '>=0.2.0'
    - name: espressif/esp-dsp
      registry_url: https://components.espressif.com
      require: private
      version: 1.7.0
    - name: idf
      require: private
      version: '>=5.0'
    source:
      registry_url: https://components.espressif.com/
      type: service
    version: 2.4.0
  espressif/mdns:
    component_hash: 7c0fa01a1cd0e72a87ec1928c3b661c0a3a9034a6d3a69dcf4850db8c6f272db
    dependencies:
    - name: idf
      require: private
      version: '>=5.0'
    source:
      registry_url: https://components.espressif.com/
      type: service
    version: 1.10.1
  espressif/usb:
    component_hash: f583375dac409f4287f3be9c188e54200b01a5ae774194b3bfee7d67e4e269d0
    dependencies:
    - name: idf
      require: private
      version: '>=5.4'
    source:
      registry_url: https://components.espressif.com/
      type: service
    targets:
    - esp32s2
    - esp32s3
    - esp32p4
    - esp32h4
    - linux
    version: 1.1.0
  espressif/usb_host_uvc:
    component_hash: f20c4e4dea50536e2e29daaf589b5f5984402284c155867daef27d6b64869f78
    dependencies:
    - name: idf
      require: private
      version: '>=5.0'
    - name: espressif/usb
      registry_url: https://components.espressif.com
      require: public
      rules:
      - if: idf_version >=6.0
      - if: target not in ["linux"]
      version: ^1.0.0
    source:
      registry_url: https://components.espressif.com/
      type: service
    targets:
    - esp32s2
    - esp32s3
    - esp32p4
    - esp32h4
    - linux
    version: 2.4.2
  idf:
    source:
      type: idf
    version: 6.0.0
  joltwallet/littlefs:
    component_hash: dcea25bcef2de023f089f5f01e8d8c46ad1b8ffef75861ad5ffb4098555839df
    dependencies:
    - name: idf
      require: private
      version: '>=5.0'
    source:
      registry_url: https://components.espressif.com/
      type: service
    version: 1.20.4
direct_dependencies:
- 78/esp-opus
- espressif/esp-sr
- espressif/mdns
- espressif/usb
- espressif/usb_host_uvc
- idf
- joltwallet/littlefs
manifest_hash: 88ec124edf00308cfb9a9d94762b9ac0dab6b627490df2fe44ebcf2485277807
target: esp32s3
version: 3.0.0
